// !$*UTF8*$!
{
	archiveVersion = 1;
	classes = {
	};
	objectVersion = 77;
	objects = {

/* Begin PBXBuildFile section */
		098B283F43C50E2466066502 /* Sparkle in Frameworks */ = {isa = PBXBuildFile; productRef = F312846A0EFFED93C8EDD4E0 /* Sparkle */; };
		0B20B21D61AF10BEE06C32BF /* PortlessSystem.h in CopyFiles */ = {isa = PBXBuildFile; fileRef = 3050558F12083E48208A3E65 /* PortlessSystem.h */; };
		185C0BA9BC34035DE11FB243 /* StatusMenu.swift in Sources */ = {isa = PBXBuildFile; fileRef = C8437B9D99C7171AE3867A53 /* StatusMenu.swift */; };
		340EF6D1EB3388F0FED76154 /* LICENSE in Resources */ = {isa = PBXBuildFile; fileRef = 7B83327E7215979E449816F6 /* LICENSE */; };
		3941514491B4FE45BCB822F4 /* RecoveryTests.swift in Sources */ = {isa = PBXBuildFile; fileRef = 57D39556F5D4E7DAB7987D01 /* RecoveryTests.swift */; };
		394ED6D2EEE65B29B4B7D220 /* GitHubMark.pdf in Resources */ = {isa = PBXBuildFile; fileRef = 0F6E9E25C660E1A12F858B6B /* GitHubMark.pdf */; };
		3B2D4102F12ED8EF0009FACC /* XMark.pdf in Resources */ = {isa = PBXBuildFile; fileRef = A88AB7A9E17C0419B64150C9 /* XMark.pdf */; };
		4B083E461F38EEA8A394FDBB /* IntegrationTests.swift in Sources */ = {isa = PBXBuildFile; fileRef = E85E31470E96FEB6E67A8330 /* IntegrationTests.swift */; };
		6886457A48F47774F3CFF9DD /* Updates.swift in Sources */ = {isa = PBXBuildFile; fileRef = E264FAF3FA9BC69903C46D6E /* Updates.swift */; };
		75ADF859D8C8F3AF411D35EE /* Models.swift in Sources */ = {isa = PBXBuildFile; fileRef = 020BA23F94147481950C19FA /* Models.swift */; };
		78290F928670A0609D8B1F48 /* LoginItem.swift in Sources */ = {isa = PBXBuildFile; fileRef = AAD65B58430F51E10CB272A4 /* LoginItem.swift */; };
		83ABE776700156874DC12B96 /* Settings.swift in Sources */ = {isa = PBXBuildFile; fileRef = 9A9868E04D436C449EF94346 /* Settings.swift */; };
		8D6EE81EAFA4C33518ABBB0E /* StatusMenuTests.swift in Sources */ = {isa = PBXBuildFile; fileRef = 5562ABC925958CEC8A9E5A1A /* StatusMenuTests.swift */; };
		93BE8ED1A2B4524BA19F9DA7 /* CommandExecution.swift in Sources */ = {isa = PBXBuildFile; fileRef = D5E053423F49E01FC8604D83 /* CommandExecution.swift */; };
		96729E813635D1B5293C59B1 /* App.swift in Sources */ = {isa = PBXBuildFile; fileRef = DBC9EB0BC76401161915C63E /* App.swift */; };
		A5AEC612705828257B06D181 /* LoginItemTests.swift in Sources */ = {isa = PBXBuildFile; fileRef = 0A5E6C86AC0D7C8A50FA8D2D /* LoginItemTests.swift */; };
		AC427CDA7537952E1A0E8770 /* Sparkle-LICENSE in Resources */ = {isa = PBXBuildFile; fileRef = AA621D518EC7D4152EAC0B50 /* Sparkle-LICENSE */; };
		AD02B4C1DC402D5A7721CD63 /* ServerStore.swift in Sources */ = {isa = PBXBuildFile; fileRef = ED57934E965C56EEC11DA87F /* ServerStore.swift */; };
		AF38E4A07C631A2ABBE84333 /* README.md in Resources */ = {isa = PBXBuildFile; fileRef = C93170E080B51870DD473C2C /* README.md */; };
		B048A1A2497FCA2A1D37A1C5 /* AppIcon.icns in Resources */ = {isa = PBXBuildFile; fileRef = 0C0B48FFD4DBC12E3540446E /* AppIcon.icns */; };
		BDDE445CE965B9F7050E3D64 /* libPortlessSystem.a in Frameworks */ = {isa = PBXBuildFile; fileRef = 881F280262629AD1126747C5 /* libPortlessSystem.a */; };
		C05E29284DBAE359961BB157 /* libPortlessSystem.a in Frameworks */ = {isa = PBXBuildFile; fileRef = 881F280262629AD1126747C5 /* libPortlessSystem.a */; };
		D8D80A1867A06C2E67760DCD /* PortlessSystem.c in Sources */ = {isa = PBXBuildFile; fileRef = 6E6CFD735FD2572A38284051 /* PortlessSystem.c */; };
		DA89C931B01BE65ED01B2DA6 /* NOTICE in Resources */ = {isa = PBXBuildFile; fileRef = F91C331F8BFDF8AC6E283760 /* NOTICE */; };
/* End PBXBuildFile section */

/* Begin PBXContainerItemProxy section */
		228691FD4D20136F9156BFA6 /* PBXContainerItemProxy */ = {
			isa = PBXContainerItemProxy;
			containerPortal = 130F2BE0516C5AEC45AC3B3A /* Project object */;
			proxyType = 1;
			remoteGlobalIDString = 513FC69E03AE0F3F48F31A81;
			remoteInfo = PortlessBar;
		};
		B82C98E226F2F1771B7E877E /* PBXContainerItemProxy */ = {
			isa = PBXContainerItemProxy;
			containerPortal = 130F2BE0516C5AEC45AC3B3A /* Project object */;
			proxyType = 1;
			remoteGlobalIDString = 9E2C32970CFEF23AFFCC5F39;
			remoteInfo = PortlessSystem;
		};
		F5E020D561AB83C8B546E61F /* PBXContainerItemProxy */ = {
			isa = PBXContainerItemProxy;
			containerPortal = 130F2BE0516C5AEC45AC3B3A /* Project object */;
			proxyType = 1;
			remoteGlobalIDString = 9E2C32970CFEF23AFFCC5F39;
			remoteInfo = PortlessSystem;
		};
/* End PBXContainerItemProxy section */

/* Begin PBXCopyFilesBuildPhase section */
		CF31229CAEE00DA0856B498F /* CopyFiles */ = {
			isa = PBXCopyFilesBuildPhase;
			buildActionMask = 2147483647;
			dstPath = "include/$(PRODUCT_NAME)";
			dstSubfolderSpec = 16;
			files = (
				0B20B21D61AF10BEE06C32BF /* PortlessSystem.h in CopyFiles */,
			);
			runOnlyForDeploymentPostprocessing = 0;
		};
/* End PBXCopyFilesBuildPhase section */

/* Begin PBXFileReference section */
		020BA23F94147481950C19FA /* Models.swift */ = {isa = PBXFileReference; lastKnownFileType = sourcecode.swift; path = Models.swift; sourceTree = "<group>"; };
		0A5E6C86AC0D7C8A50FA8D2D /* LoginItemTests.swift */ = {isa = PBXFileReference; lastKnownFileType = sourcecode.swift; path = LoginItemTests.swift; sourceTree = "<group>"; };
		0C0B48FFD4DBC12E3540446E /* AppIcon.icns */ = {isa = PBXFileReference; lastKnownFileType = image.icns; path = AppIcon.icns; sourceTree = "<group>"; };
		0F6E9E25C660E1A12F858B6B /* GitHubMark.pdf */ = {isa = PBXFileReference; lastKnownFileType = image.pdf; path = GitHubMark.pdf; sourceTree = "<group>"; };
		3050558F12083E48208A3E65 /* PortlessSystem.h */ = {isa = PBXFileReference; lastKnownFileType = sourcecode.c.h; path = PortlessSystem.h; sourceTree = "<group>"; };
		46A83A2B4B694DA79720A2AB /* PortlessBar.app */ = {isa = PBXFileReference; explicitFileType = wrapper.application; includeInIndex = 0; path = PortlessBar.app; sourceTree = BUILT_PRODUCTS_DIR; };
		5562ABC925958CEC8A9E5A1A /* StatusMenuTests.swift */ = {isa = PBXFileReference; lastKnownFileType = sourcecode.swift; path = StatusMenuTests.swift; sourceTree = "<group>"; };
		57D39556F5D4E7DAB7987D01 /* RecoveryTests.swift */ = {isa = PBXFileReference; lastKnownFileType = sourcecode.swift; path = RecoveryTests.swift; sourceTree = "<group>"; };
		6E6CFD735FD2572A38284051 /* PortlessSystem.c */ = {isa = PBXFileReference; lastKnownFileType = sourcecode.c.c; path = PortlessSystem.c; sourceTree = "<group>"; };
		7B83327E7215979E449816F6 /* LICENSE */ = {isa = PBXFileReference; path = LICENSE; sourceTree = "<group>"; };
		881F280262629AD1126747C5 /* libPortlessSystem.a */ = {isa = PBXFileReference; explicitFileType = archive.ar; includeInIndex = 0; path = libPortlessSystem.a; sourceTree = BUILT_PRODUCTS_DIR; };
		9A9868E04D436C449EF94346 /* Settings.swift */ = {isa = PBXFileReference; lastKnownFileType = sourcecode.swift; path = Settings.swift; sourceTree = "<group>"; };
		A88AB7A9E17C0419B64150C9 /* XMark.pdf */ = {isa = PBXFileReference; lastKnownFileType = image.pdf; path = XMark.pdf; sourceTree = "<group>"; };
		AA621D518EC7D4152EAC0B50 /* Sparkle-LICENSE */ = {isa = PBXFileReference; path = "Sparkle-LICENSE"; sourceTree = "<group>"; };
		AAD65B58430F51E10CB272A4 /* LoginItem.swift */ = {isa = PBXFileReference; lastKnownFileType = sourcecode.swift; path = LoginItem.swift; sourceTree = "<group>"; };
		B1DC4DF783D9AF32E3E42DA5 /* PortlessBarTests.xctest */ = {isa = PBXFileReference; explicitFileType = wrapper.cfbundle; includeInIndex = 0; path = PortlessBarTests.xctest; sourceTree = BUILT_PRODUCTS_DIR; };
		C8437B9D99C7171AE3867A53 /* StatusMenu.swift */ = {isa = PBXFileReference; lastKnownFileType = sourcecode.swift; path = StatusMenu.swift; sourceTree = "<group>"; };
		C93170E080B51870DD473C2C /* README.md */ = {isa = PBXFileReference; lastKnownFileType = net.daringfireball.markdown; path = README.md; sourceTree = "<group>"; };
		D5E053423F49E01FC8604D83 /* CommandExecution.swift */ = {isa = PBXFileReference; lastKnownFileType = sourcecode.swift; path = CommandExecution.swift; sourceTree = "<group>"; };
		DBC9EB0BC76401161915C63E /* App.swift */ = {isa = PBXFileReference; lastKnownFileType = sourcecode.swift; path = App.swift; sourceTree = "<group>"; };
		E264FAF3FA9BC69903C46D6E /* Updates.swift */ = {isa = PBXFileReference; lastKnownFileType = sourcecode.swift; path = Updates.swift; sourceTree = "<group>"; };
		E85E31470E96FEB6E67A8330 /* IntegrationTests.swift */ = {isa = PBXFileReference; lastKnownFileType = sourcecode.swift; path = IntegrationTests.swift; sourceTree = "<group>"; };
		ED57934E965C56EEC11DA87F /* ServerStore.swift */ = {isa = PBXFileReference; lastKnownFileType = sourcecode.swift; path = ServerStore.swift; sourceTree = "<group>"; };
		F91C331F8BFDF8AC6E283760 /* NOTICE */ = {isa = PBXFileReference; path = NOTICE; sourceTree = "<group>"; };
/* End PBXFileReference section */

/* Begin PBXFrameworksBuildPhase section */
		1769E0FF194D2183002BE563 /* Frameworks */ = {
			isa = PBXFrameworksBuildPhase;
			buildActionMask = 2147483647;
			files = (
				BDDE445CE965B9F7050E3D64 /* libPortlessSystem.a in Frameworks */,
				098B283F43C50E2466066502 /* Sparkle in Frameworks */,
			);
			runOnlyForDeploymentPostprocessing = 0;
		};
		39F27FE8F0D4FB536F8C10D0 /* Frameworks */ = {
			isa = PBXFrameworksBuildPhase;
			buildActionMask = 2147483647;
			files = (
				C05E29284DBAE359961BB157 /* libPortlessSystem.a in Frameworks */,
			);
			runOnlyForDeploymentPostprocessing = 0;
		};
/* End PBXFrameworksBuildPhase section */

/* Begin PBXGroup section */
		0AE43EEEB08941B0FAE44A17 /* PortlessSystem */ = {
			isa = PBXGroup;
			children = (
				6E6CFD735FD2572A38284051 /* PortlessSystem.c */,
				334B4C057899D58FF65DC7BE /* include */,
			);
			name = PortlessSystem;
			path = Sources/PortlessSystem;
			sourceTree = "<group>";
		};
		2D1B463823F45857BE57F53E /* PortlessBarTests */ = {
			isa = PBXGroup;
			children = (
				E85E31470E96FEB6E67A8330 /* IntegrationTests.swift */,
				0A5E6C86AC0D7C8A50FA8D2D /* LoginItemTests.swift */,
				57D39556F5D4E7DAB7987D01 /* RecoveryTests.swift */,
				5562ABC925958CEC8A9E5A1A /* StatusMenuTests.swift */,
			);
			name = PortlessBarTests;
			path = Tests/PortlessBarTests;
			sourceTree = "<group>";
		};
		334B4C057899D58FF65DC7BE /* include */ = {
			isa = PBXGroup;
			children = (
				3050558F12083E48208A3E65 /* PortlessSystem.h */,
			);
			path = include;
			sourceTree = "<group>";
		};
		4BB367E2F978BBAAC29CB83F /* LinkIcons */ = {
			isa = PBXGroup;
			children = (
				0F6E9E25C660E1A12F858B6B /* GitHubMark.pdf */,
				C93170E080B51870DD473C2C /* README.md */,
				A88AB7A9E17C0419B64150C9 /* XMark.pdf */,
			);
			name = LinkIcons;
			path = Assets/LinkIcons;
			sourceTree = "<group>";
		};
		858014292AFA3F620DD76271 /* PortlessBar */ = {
			isa = PBXGroup;
			children = (
				DBC9EB0BC76401161915C63E /* App.swift */,
				D5E053423F49E01FC8604D83 /* CommandExecution.swift */,
				AAD65B58430F51E10CB272A4 /* LoginItem.swift */,
				020BA23F94147481950C19FA /* Models.swift */,
				ED57934E965C56EEC11DA87F /* ServerStore.swift */,
				9A9868E04D436C449EF94346 /* Settings.swift */,
				C8437B9D99C7171AE3867A53 /* StatusMenu.swift */,
				E264FAF3FA9BC69903C46D6E /* Updates.swift */,
			);
			name = PortlessBar;
			path = Sources/PortlessBar;
			sourceTree = "<group>";
		};
		A9E880092AA5078D012473CE /* Assets */ = {
			isa = PBXGroup;
			children = (
				0C0B48FFD4DBC12E3540446E /* AppIcon.icns */,
				AA621D518EC7D4152EAC0B50 /* Sparkle-LICENSE */,
			);
			path = Assets;
			sourceTree = "<group>";
		};
		B284118DC24A200EA84AE104 /* Products */ = {
			isa = PBXGroup;
			children = (
				881F280262629AD1126747C5 /* libPortlessSystem.a */,
				46A83A2B4B694DA79720A2AB /* PortlessBar.app */,
				B1DC4DF783D9AF32E3E42DA5 /* PortlessBarTests.xctest */,
			);
			name = Products;
			sourceTree = "<group>";
		};
		F9F2F783A642D3F603022DA7 = {
			isa = PBXGroup;
			children = (
				7B83327E7215979E449816F6 /* LICENSE */,
				F91C331F8BFDF8AC6E283760 /* NOTICE */,
				A9E880092AA5078D012473CE /* Assets */,
				4BB367E2F978BBAAC29CB83F /* LinkIcons */,
				858014292AFA3F620DD76271 /* PortlessBar */,
				2D1B463823F45857BE57F53E /* PortlessBarTests */,
				0AE43EEEB08941B0FAE44A17 /* PortlessSystem */,
				B284118DC24A200EA84AE104 /* Products */,
			);
			sourceTree = "<group>";
		};
/* End PBXGroup section */

/* Begin PBXNativeTarget section */
		3432B9D3CFC0F0023B5EF800 /* PortlessBarTests */ = {
			isa = PBXNativeTarget;
			buildConfigurationList = 83ECC630E216526858F61433 /* Build configuration list for PBXNativeTarget "PortlessBarTests" */;
			buildPhases = (
				EB84597EFD43293E42C48028 /* Sources */,
				70E5A653FE89267DBE11DFC9 /* Optional live test tools */,
				39F27FE8F0D4FB536F8C10D0 /* Frameworks */,
			);
			buildRules = (
			);
			dependencies = (
				AAD147156E3F62D4DAD32629 /* PBXTargetDependency */,
				825D14094ADC5B953BF6C15D /* PBXTargetDependency */,
			);
			name = PortlessBarTests;
			packageProductDependencies = (
			);
			productName = PortlessBarTests;
			productReference = B1DC4DF783D9AF32E3E42DA5 /* PortlessBarTests.xctest */;
			productType = "com.apple.product-type.bundle.unit-test";
		};
		513FC69E03AE0F3F48F31A81 /* PortlessBar */ = {
			isa = PBXNativeTarget;
			buildConfigurationList = A37D58486A8EA55E0B38A920 /* Build configuration list for PBXNativeTarget "PortlessBar" */;
			buildPhases = (
				8060C5FF1B2F2EFC88470109 /* Sources */,
				7F200182EE01DC6FA7E8FB5A /* Resources */,
				1769E0FF194D2183002BE563 /* Frameworks */,
			);
			buildRules = (
			);
			dependencies = (
				15DAC7755AD243A59654C584 /* PBXTargetDependency */,
			);
			name = PortlessBar;
			packageProductDependencies = (
				F312846A0EFFED93C8EDD4E0 /* Sparkle */,
			);
			productName = PortlessBar;
			productReference = 46A83A2B4B694DA79720A2AB /* PortlessBar.app */;
			productType = "com.apple.product-type.application";
		};
		9E2C32970CFEF23AFFCC5F39 /* PortlessSystem */ = {
			isa = PBXNativeTarget;
			buildConfigurationList = 6F50C474D77250745F9BC0F6 /* Build configuration list for PBXNativeTarget "PortlessSystem" */;
			buildPhases = (
				CF31229CAEE00DA0856B498F /* CopyFiles */,
				BC320483E2A659163AF3DE21 /* Sources */,
			);
			buildRules = (
			);
			dependencies = (
			);
			name = PortlessSystem;
			packageProductDependencies = (
			);
			productName = PortlessSystem;
			productReference = 881F280262629AD1126747C5 /* libPortlessSystem.a */;
			productType = "com.apple.product-type.library.static";
		};
/* End PBXNativeTarget section */

/* Begin PBXProject section */
		130F2BE0516C5AEC45AC3B3A /* Project object */ = {
			isa = PBXProject;
			attributes = {
				BuildIndependentTargetsInParallel = YES;
				LastUpgradeCheck = 1430;
				TargetAttributes = {
					3432B9D3CFC0F0023B5EF800 = {
						ProvisioningStyle = Automatic;
					};
					513FC69E03AE0F3F48F31A81 = {
						ProvisioningStyle = Automatic;
					};
					9E2C32970CFEF23AFFCC5F39 = {
						ProvisioningStyle = Automatic;
					};
				};
			};
			buildConfigurationList = 2045F3827985083AF69CC00D /* Build configuration list for PBXProject "PortlessBar" */;
			developmentRegion = en;
			hasScannedForEncodings = 0;
			knownRegions = (
				Base,
				en,
			);
			mainGroup = F9F2F783A642D3F603022DA7;
			minimizedProjectReferenceProxies = 1;
			packageReferences = (
				BF97EF3A17AEB91A27739B4A /* XCRemoteSwiftPackageReference "Sparkle" */,
			);
			preferredProjectObjectVersion = 77;
			productRefGroup = B284118DC24A200EA84AE104 /* Products */;
			projectDirPath = "";
			projectRoot = "";
			targets = (
				9E2C32970CFEF23AFFCC5F39 /* PortlessSystem */,
				513FC69E03AE0F3F48F31A81 /* PortlessBar */,
				3432B9D3CFC0F0023B5EF800 /* PortlessBarTests */,
			);
		};
/* End PBXProject section */

/* Begin PBXResourcesBuildPhase section */
		7F200182EE01DC6FA7E8FB5A /* Resources */ = {
			isa = PBXResourcesBuildPhase;
			buildActionMask = 2147483647;
			files = (
				B048A1A2497FCA2A1D37A1C5 /* AppIcon.icns in Resources */,
				394ED6D2EEE65B29B4B7D220 /* GitHubMark.pdf in Resources */,
				340EF6D1EB3388F0FED76154 /* LICENSE in Resources */,
				DA89C931B01BE65ED01B2DA6 /* NOTICE in Resources */,
				AF38E4A07C631A2ABBE84333 /* README.md in Resources */,
				AC427CDA7537952E1A0E8770 /* Sparkle-LICENSE in Resources */,
				3B2D4102F12ED8EF0009FACC /* XMark.pdf in Resources */,
			);
			runOnlyForDeploymentPostprocessing = 0;
		};
/* End PBXResourcesBuildPhase section */

/* Begin PBXShellScriptBuildPhase section */
		70E5A653FE89267DBE11DFC9 /* Optional live test tools */ = {
			isa = PBXShellScriptBuildPhase;
			alwaysOutOfDate = 1;
			buildActionMask = 2147483647;
			files = (
			);
			inputFileListPaths = (
			);
			inputPaths = (
			);
			name = "Optional live test tools";
			outputFileListPaths = (
			);
			outputPaths = (
			);
			runOnlyForDeploymentPostprocessing = 0;
			shellPath = /bin/sh;
			shellScript = "destination=\"$TARGET_BUILD_DIR/$UNLOCALIZED_RESOURCES_FOLDER_PATH/TestTools\"\nif [ -d \"$SRCROOT/.cloud/TestTools\" ]; then\n  /usr/bin/ditto \"$SRCROOT/.cloud/TestTools\" \"$destination\"\nelif [ -d \"$destination\" ]; then\n  /bin/rm -r \"$destination\"\nfi\n";
		};
/* End PBXShellScriptBuildPhase section */

/* Begin PBXSourcesBuildPhase section */
		8060C5FF1B2F2EFC88470109 /* Sources */ = {
			isa = PBXSourcesBuildPhase;
			buildActionMask = 2147483647;
			files = (
				96729E813635D1B5293C59B1 /* App.swift in Sources */,
				93BE8ED1A2B4524BA19F9DA7 /* CommandExecution.swift in Sources */,
				78290F928670A0609D8B1F48 /* LoginItem.swift in Sources */,
				75ADF859D8C8F3AF411D35EE /* Models.swift in Sources */,
				AD02B4C1DC402D5A7721CD63 /* ServerStore.swift in Sources */,
				83ABE776700156874DC12B96 /* Settings.swift in Sources */,
				185C0BA9BC34035DE11FB243 /* StatusMenu.swift in Sources */,
				6886457A48F47774F3CFF9DD /* Updates.swift in Sources */,
			);
			runOnlyForDeploymentPostprocessing = 0;
		};
		BC320483E2A659163AF3DE21 /* Sources */ = {
			isa = PBXSourcesBuildPhase;
			buildActionMask = 2147483647;
			files = (
				D8D80A1867A06C2E67760DCD /* PortlessSystem.c in Sources */,
			);
			runOnlyForDeploymentPostprocessing = 0;
		};
		EB84597EFD43293E42C48028 /* Sources */ = {
			isa = PBXSourcesBuildPhase;
			buildActionMask = 2147483647;
			files = (
				4B083E461F38EEA8A394FDBB /* IntegrationTests.swift in Sources */,
				A5AEC612705828257B06D181 /* LoginItemTests.swift in Sources */,
				3941514491B4FE45BCB822F4 /* RecoveryTests.swift in Sources */,
				8D6EE81EAFA4C33518ABBB0E /* StatusMenuTests.swift in Sources */,
			);
			runOnlyForDeploymentPostprocessing = 0;
		};
/* End PBXSourcesBuildPhase section */

/* Begin PBXTargetDependency section */
		15DAC7755AD243A59654C584 /* PBXTargetDependency */ = {
			isa = PBXTargetDependency;
			target = 9E2C32970CFEF23AFFCC5F39 /* PortlessSystem */;
			targetProxy = B82C98E226F2F1771B7E877E /* PBXContainerItemProxy */;
		};
		825D14094ADC5B953BF6C15D /* PBXTargetDependency */ = {
			isa = PBXTargetDependency;
			target = 9E2C32970CFEF23AFFCC5F39 /* PortlessSystem */;
			targetProxy = F5E020D561AB83C8B546E61F /* PBXContainerItemProxy */;
		};
		AAD147156E3F62D4DAD32629 /* PBXTargetDependency */ = {
			isa = PBXTargetDependency;
			target = 513FC69E03AE0F3F48F31A81 /* PortlessBar */;
			targetProxy = 228691FD4D20136F9156BFA6 /* PBXContainerItemProxy */;
		};
/* End PBXTargetDependency section */

/* Begin XCBuildConfiguration section */
		068AFB61AEE385347CE6E701 /* Debug */ = {
			isa = XCBuildConfiguration;
			buildSettings = {
				ALWAYS_SEARCH_USER_PATHS = NO;
				CLANG_ANALYZER_NONNULL = YES;
				CLANG_ANALYZER_NUMBER_OBJECT_CONVERSION = YES_AGGRESSIVE;
				CLANG_CXX_LANGUAGE_STANDARD = "gnu++14";
				CLANG_CXX_LIBRARY = "libc++";
				CLANG_ENABLE_MODULES = YES;
				CLANG_ENABLE_OBJC_ARC = YES;
				CLANG_ENABLE_OBJC_WEAK = YES;
				CLANG_WARN_BLOCK_CAPTURE_AUTORELEASING = YES;
				CLANG_WARN_BOOL_CONVERSION = YES;
				CLANG_WARN_COMMA = YES;
				CLANG_WARN_CONSTANT_CONVERSION = YES;
				CLANG_WARN_DEPRECATED_OBJC_IMPLEMENTATIONS = YES;
				CLANG_WARN_DIRECT_OBJC_ISA_USAGE = YES_ERROR;
				CLANG_WARN_DOCUMENTATION_COMMENTS = YES;
				CLANG_WARN_EMPTY_BODY = YES;
				CLANG_WARN_ENUM_CONVERSION = YES;
				CLANG_WARN_INFINITE_RECURSION = YES;
				CLANG_WARN_INT_CONVERSION = YES;
				CLANG_WARN_NON_LITERAL_NULL_CONVERSION = YES;
				CLANG_WARN_OBJC_IMPLICIT_RETAIN_SELF = YES;
				CLANG_WARN_OBJC_LITERAL_CONVERSION = YES;
				CLANG_WARN_OBJC_ROOT_CLASS = YES_ERROR;
				CLANG_WARN_QUOTED_INCLUDE_IN_FRAMEWORK_HEADER = YES;
				CLANG_WARN_RANGE_LOOP_ANALYSIS = YES;
				CLANG_WARN_STRICT_PROTOTYPES = YES;
				CLANG_WARN_SUSPICIOUS_MOVE = YES;
				CLANG_WARN_UNGUARDED_AVAILABILITY = YES_AGGRESSIVE;
				CLANG_WARN_UNREACHABLE_CODE = YES;
				CLANG_WARN__DUPLICATE_METHOD_MATCH = YES;
				CODE_SIGN_IDENTITY = "-";
				CODE_SIGN_STYLE = Automatic;
				COPY_PHASE_STRIP = NO;
				CURRENT_PROJECT_VERSION = 0.3.0;
				DEBUG_INFORMATION_FORMAT = dwarf;
				DEVELOPMENT_TEAM = "";
				ENABLE_APP_SANDBOX = NO;
				ENABLE_HARDENED_RUNTIME = NO;
				ENABLE_STRICT_OBJC_MSGSEND = YES;
				ENABLE_TESTABILITY = YES;
				ENABLE_USER_SCRIPT_SANDBOXING = YES;
				GCC_C_LANGUAGE_STANDARD = gnu11;
				GCC_DYNAMIC_NO_PIC = NO;
				GCC_NO_COMMON_BLOCKS = YES;
				GCC_OPTIMIZATION_LEVEL = 0;
				GCC_PREPROCESSOR_DEFINITIONS = (
					"$(inherited)",
					"DEBUG=1",
				);
				GCC_WARN_64_TO_32_BIT_CONVERSION = YES;
				GCC_WARN_ABOUT_RETURN_TYPE = YES_ERROR;
				GCC_WARN_UNDECLARED_SELECTOR = YES;
				GCC_WARN_UNINITIALIZED_AUTOS = YES_AGGRESSIVE;
				GCC_WARN_UNUSED_FUNCTION = YES;
				GCC_WARN_UNUSED_VARIABLE = YES;
				HEADER_SEARCH_PATHS = "$(SRCROOT)/Sources/PortlessSystem/include";
				MACOSX_DEPLOYMENT_TARGET = 14.0;
				MARKETING_VERSION = 0.3.0;
				MTL_ENABLE_DEBUG_INFO = INCLUDE_SOURCE;
				MTL_FAST_MATH = YES;
				ONLY_ACTIVE_ARCH = YES;
				PRODUCT_NAME = "$(TARGET_NAME)";
				SDKROOT = macosx;
				SWIFT_ACTIVE_COMPILATION_CONDITIONS = DEBUG;
				SWIFT_INCLUDE_PATHS = "$(SRCROOT)/Sources/PortlessSystem/include";
				SWIFT_OPTIMIZATION_LEVEL = "-Onone";
				SWIFT_VERSION = 6.0;
			};
			name = Debug;
		};
		2A00B3B4FAC981F73835BD4B /* Release */ = {
			isa = XCBuildConfiguration;
			buildSettings = {
				ASSETCATALOG_COMPILER_APPICON_NAME = AppIcon;
				COMBINE_HIDPI_IMAGES = YES;
				ENABLE_TESTABILITY = NO;
				INFOPLIST_FILE = Config/Info.plist;
				LD_RUNPATH_SEARCH_PATHS = (
					"$(inherited)",
					"@executable_path/../Frameworks",
				);
				OTHER_LDFLAGS = (
					"$(inherited)",
					"-ObjC",
				);
				PRODUCT_BUNDLE_IDENTIFIER = io.akshit.PortlessBar;
				PRODUCT_NAME = PortlessBar;
				SDKROOT = macosx;
			};
			name = Release;
		};
		739565E8CF416617FFAD059A /* Debug */ = {
			isa = XCBuildConfiguration;
			buildSettings = {
				BUNDLE_LOADER = "$(TEST_HOST)";
				COMBINE_HIDPI_IMAGES = YES;
				ENABLE_USER_SCRIPT_SANDBOXING = NO;
				GENERATE_INFOPLIST_FILE = YES;
				LD_RUNPATH_SEARCH_PATHS = (
					"$(inherited)",
					"@executable_path/../Frameworks",
					"@loader_path/../Frameworks",
				);
				OTHER_LDFLAGS = (
					"$(inherited)",
					"-ObjC",
				);
				PRODUCT_BUNDLE_IDENTIFIER = io.akshit.PortlessBarTests;
				SDKROOT = macosx;
				TEST_HOST = "$(BUILT_PRODUCTS_DIR)/PortlessBar.app/Contents/MacOS/PortlessBar";
			};
			name = Debug;
		};
		89BA50D5790469AF181514F2 /* Debug */ = {
			isa = XCBuildConfiguration;
			buildSettings = {
				ASSETCATALOG_COMPILER_APPICON_NAME = AppIcon;
				COMBINE_HIDPI_IMAGES = YES;
				ENABLE_TESTABILITY = YES;
				INFOPLIST_FILE = Config/Info.plist;
				LD_RUNPATH_SEARCH_PATHS = (
					"$(inherited)",
					"@executable_path/../Frameworks",
				);
				OTHER_LDFLAGS = (
					"$(inherited)",
					"-ObjC",
				);
				PRODUCT_BUNDLE_IDENTIFIER = io.akshit.PortlessBar;
				PRODUCT_NAME = PortlessBar;
				SDKROOT = macosx;
			};
			name = Debug;
		};
		A16D91293A331AA610DF9BA2 /* Release */ = {
			isa = XCBuildConfiguration;
			buildSettings = {
				COMBINE_HIDPI_IMAGES = YES;
				DEFINES_MODULE = YES;
				LD_RUNPATH_SEARCH_PATHS = (
					"$(inherited)",
					"@executable_path/../Frameworks",
				);
				MODULEMAP_FILE = "$(SRCROOT)/Sources/PortlessSystem/include/module.modulemap";
				PRODUCT_NAME = PortlessSystem;
				SDKROOT = macosx;
				SKIP_INSTALL = YES;
			};
			name = Release;
		};
		AEB7E925F172BFD1B99CD1BB /* Release */ = {
			isa = XCBuildConfiguration;
			buildSettings = {
				BUNDLE_LOADER = "$(TEST_HOST)";
				COMBINE_HIDPI_IMAGES = YES;
				ENABLE_USER_SCRIPT_SANDBOXING = NO;
				GENERATE_INFOPLIST_FILE = YES;
				LD_RUNPATH_SEARCH_PATHS = (
					"$(inherited)",
					"@executable_path/../Frameworks",
					"@loader_path/../Frameworks",
				);
				OTHER_LDFLAGS = (
					"$(inherited)",
					"-ObjC",
				);
				PRODUCT_BUNDLE_IDENTIFIER = io.akshit.PortlessBarTests;
				SDKROOT = macosx;
				TEST_HOST = "$(BUILT_PRODUCTS_DIR)/PortlessBar.app/Contents/MacOS/PortlessBar";
			};
			name = Release;
		};
		C3E21FE8581DD0CFE03BD302 /* Debug */ = {
			isa = XCBuildConfiguration;
			buildSettings = {
				COMBINE_HIDPI_IMAGES = YES;
				DEFINES_MODULE = YES;
				LD_RUNPATH_SEARCH_PATHS = (
					"$(inherited)",
					"@executable_path/../Frameworks",
				);
				MODULEMAP_FILE = "$(SRCROOT)/Sources/PortlessSystem/include/module.modulemap";
				PRODUCT_NAME = PortlessSystem;
				SDKROOT = macosx;
				SKIP_INSTALL = YES;
			};
			name = Debug;
		};
		D9D82F0114CC171ED308C8D9 /* Release */ = {
			isa = XCBuildConfiguration;
			buildSettings = {
				ALWAYS_SEARCH_USER_PATHS = NO;
				CLANG_ANALYZER_NONNULL = YES;
				CLANG_ANALYZER_NUMBER_OBJECT_CONVERSION = YES_AGGRESSIVE;
				CLANG_CXX_LANGUAGE_STANDARD = "gnu++14";
				CLANG_CXX_LIBRARY = "libc++";
				CLANG_ENABLE_MODULES = YES;
				CLANG_ENABLE_OBJC_ARC = YES;
				CLANG_ENABLE_OBJC_WEAK = YES;
				CLANG_WARN_BLOCK_CAPTURE_AUTORELEASING = YES;
				CLANG_WARN_BOOL_CONVERSION = YES;
				CLANG_WARN_COMMA = YES;
				CLANG_WARN_CONSTANT_CONVERSION = YES;
				CLANG_WARN_DEPRECATED_OBJC_IMPLEMENTATIONS = YES;
				CLANG_WARN_DIRECT_OBJC_ISA_USAGE = YES_ERROR;
				CLANG_WARN_DOCUMENTATION_COMMENTS = YES;
				CLANG_WARN_EMPTY_BODY = YES;
				CLANG_WARN_ENUM_CONVERSION = YES;
				CLANG_WARN_INFINITE_RECURSION = YES;
				CLANG_WARN_INT_CONVERSION = YES;
				CLANG_WARN_NON_LITERAL_NULL_CONVERSION = YES;
				CLANG_WARN_OBJC_IMPLICIT_RETAIN_SELF = YES;
				CLANG_WARN_OBJC_LITERAL_CONVERSION = YES;
				CLANG_WARN_OBJC_ROOT_CLASS = YES_ERROR;
				CLANG_WARN_QUOTED_INCLUDE_IN_FRAMEWORK_HEADER = YES;
				CLANG_WARN_RANGE_LOOP_ANALYSIS = YES;
				CLANG_WARN_STRICT_PROTOTYPES = YES;
				CLANG_WARN_SUSPICIOUS_MOVE = YES;
				CLANG_WARN_UNGUARDED_AVAILABILITY = YES_AGGRESSIVE;
				CLANG_WARN_UNREACHABLE_CODE = YES;
				CLANG_WARN__DUPLICATE_METHOD_MATCH = YES;
				CODE_SIGN_STYLE = Automatic;
				COPY_PHASE_STRIP = NO;
				CURRENT_PROJECT_VERSION = 0.3.0;
				DEBUG_INFORMATION_FORMAT = "dwarf-with-dsym";
				DEVELOPMENT_TEAM = 7D6HNDPR5T;
				ENABLE_APP_SANDBOX = NO;
				ENABLE_HARDENED_RUNTIME = YES;
				ENABLE_NS_ASSERTIONS = NO;
				ENABLE_STRICT_OBJC_MSGSEND = YES;
				ENABLE_USER_SCRIPT_SANDBOXING = YES;
				GCC_C_LANGUAGE_STANDARD = gnu11;
				GCC_NO_COMMON_BLOCKS = YES;
				GCC_WARN_64_TO_32_BIT_CONVERSION = YES;
				GCC_WARN_ABOUT_RETURN_TYPE = YES_ERROR;
				GCC_WARN_UNDECLARED_SELECTOR = YES;
				GCC_WARN_UNINITIALIZED_AUTOS = YES_AGGRESSIVE;
				GCC_WARN_UNUSED_FUNCTION = YES;
				GCC_WARN_UNUSED_VARIABLE = YES;
				HEADER_SEARCH_PATHS = "$(SRCROOT)/Sources/PortlessSystem/include";
				MACOSX_DEPLOYMENT_TARGET = 14.0;
				MARKETING_VERSION = 0.3.0;
				MTL_ENABLE_DEBUG_INFO = NO;
				MTL_FAST_MATH = YES;
				PRODUCT_NAME = "$(TARGET_NAME)";
				SDKROOT = macosx;
				SWIFT_COMPILATION_MODE = wholemodule;
				SWIFT_INCLUDE_PATHS = "$(SRCROOT)/Sources/PortlessSystem/include";
				SWIFT_OPTIMIZATION_LEVEL = "-O";
				SWIFT_VERSION = 6.0;
			};
			name = Release;
		};
/* End XCBuildConfiguration section */

/* Begin XCConfigurationList section */
		2045F3827985083AF69CC00D /* Build configuration list for PBXProject "PortlessBar" */ = {
			isa = XCConfigurationList;
			buildConfigurations = (
				068AFB61AEE385347CE6E701 /* Debug */,
				D9D82F0114CC171ED308C8D9 /* Release */,
			);
			defaultConfigurationIsVisible = 0;
			defaultConfigurationName = Debug;
		};
		6F50C474D77250745F9BC0F6 /* Build configuration list for PBXNativeTarget "PortlessSystem" */ = {
			isa = XCConfigurationList;
			buildConfigurations = (
				C3E21FE8581DD0CFE03BD302 /* Debug */,
				A16D91293A331AA610DF9BA2 /* Release */,
			);
			defaultConfigurationIsVisible = 0;
			defaultConfigurationName = Debug;
		};
		83ECC630E216526858F61433 /* Build configuration list for PBXNativeTarget "PortlessBarTests" */ = {
			isa = XCConfigurationList;
			buildConfigurations = (
				739565E8CF416617FFAD059A /* Debug */,
				AEB7E925F172BFD1B99CD1BB /* Release */,
			);
			defaultConfigurationIsVisible = 0;
			defaultConfigurationName = Debug;
		};
		A37D58486A8EA55E0B38A920 /* Build configuration list for PBXNativeTarget "PortlessBar" */ = {
			isa = XCConfigurationList;
			buildConfigurations = (
				89BA50D5790469AF181514F2 /* Debug */,
				2A00B3B4FAC981F73835BD4B /* Release */,
			);
			defaultConfigurationIsVisible = 0;
			defaultConfigurationName = Debug;
		};
/* End XCConfigurationList section */

/* Begin XCRemoteSwiftPackageReference section */
		BF97EF3A17AEB91A27739B4A /* XCRemoteSwiftPackageReference "Sparkle" */ = {
			isa = XCRemoteSwiftPackageReference;
			repositoryURL = "https://github.com/sparkle-project/Sparkle";
			requirement = {
				kind = exactVersion;
				version = 2.10.0;
			};
		};
/* End XCRemoteSwiftPackageReference section */

/* Begin XCSwiftPackageProductDependency section */
		F312846A0EFFED93C8EDD4E0 /* Sparkle */ = {
			isa = XCSwiftPackageProductDependency;
			package = BF97EF3A17AEB91A27739B4A /* XCRemoteSwiftPackageReference "Sparkle" */;
			productName = Sparkle;
		};
/* End XCSwiftPackageProductDependency section */
	};
	rootObject = 130F2BE0516C5AEC45AC3B3A /* Project object */;
}
